{
  "name": "@repo/tokens",
  "version": "1.0.0",
  "lockfileVersion": 3,
  "requires": true,
  "packages": {
    "": {
      "name": "@repo/tokens",
      "version": "1.0.0",
      "license": "Apache-2.0",
      "devDependencies": {
        "chroma-js": "^3.1.2",
        "style-dictionary": "^4.0.0"
      }
    },
    "../../node_modules/.pnpm/chroma-js@3.1.2/node_modules/chroma-js": {
      "version": "3.1.2",
      "dev": true,
      "license": "(BSD-3-Clause AND Apache-2.0)",
      "devDependencies": {
        "@babel/eslint-parser": "^7.25.1",
        "@eslint/eslintrc": "^3.1.0",
        "@eslint/js": "^9.9.0",
        "@rollup/plugin-buble": "^1.0.3",
        "@rollup/plugin-terser": "^0.4.4",
        "cross-env": "^7.0.3",
        "eslint": "^9.9.0",
        "globals": "^15.9.0",
        "http-server": "^14.1.1",
        "husky": "^9.1.4",
        "markdown-to-html": "0.0.13",
        "minimatch": "^10.0.1",
        "prettier": "^3.3.3",
        "rollup": "^4.20.0",
        "rollup-plugin-license": "^3.5.2",
        "vitest": "^2.0.5"
      }
    },
    "../../node_modules/.pnpm/style-dictionary@4.3.2/node_modules/style-dictionary": {
      "version": "4.3.2",
      "dev": true,
      "hasInstallScript": true,
      "license": "Apache-2.0",
      "dependencies": {
        "@bundled-es-modules/deepmerge": "^4.3.1",
        "@bundled-es-modules/glob": "^10.4.2",
        "@bundled-es-modules/memfs": "^4.9.4",
        "@zip.js/zip.js": "^2.7.44",
        "chalk": "^5.3.0",
        "change-case": "^5.3.0",
        "commander": "^12.1.0",
        "is-plain-obj": "^4.1.0",
        "json5": "^2.2.2",
        "patch-package": "^8.0.0",
        "path-unified": "^0.2.0",
        "prettier": "^3.3.3",
        "tinycolor2": "^1.6.0"
      },
      "bin": {
        "style-dictionary": "bin/style-dictionary.js"
      },
      "devDependencies": {
        "@astrojs/check": "^0.9.4",
        "@astrojs/starlight": "^0.29.2",
        "@babel/plugin-proposal-private-property-in-object": "^7.21.11",
        "@changesets/cli": "^2.27.1",
        "@commitlint/cli": "^18.4.3",
        "@commitlint/config-conventional": "^18.4.3",
        "@esm-bundle/chai-as-promised": "^7.1.1",
        "@rollup/browser": "^4.13.1",
        "@rollup/plugin-virtual": "^3.0.2",
        "@shoelace-style/shoelace": "^2.15.0",
        "@types/chai": "^4.3.9",
        "@types/tinycolor2": "^1.4.6",
        "@types/uuid": "^9.0.8",
        "@typescript-eslint/parser": "^8.16.0",
        "@web/test-runner": "^0.18.2",
        "@web/test-runner-commands": "^0.9.0",
        "@web/test-runner-playwright": "^0.11.0",
        "acorn": "^8.11.3",
        "astro": "^4.16.16",
        "chai": "^5.0.0-alpha.2",
        "eslint": "^9.14.0",
        "eslint-plugin-mocha": "^10.5.0",
        "eslint-plugin-react": "^7.37.2",
        "estree-walker": "^3.0.3",
        "fs-extra": "^10.0.0",
        "hanbi": "^1.0.1",
        "husky": "^8.0.3",
        "jsdoc-escape-at": "^1.0.1",
        "jsdoc-to-markdown": "^8.0.0",
        "jsdoc-tsimport-plugin": "^1.0.5",
        "less": "^4.1.2",
        "lint-staged": "^12.3.1",
        "lit": "^3.1.2",
        "mdast": "^3.0.0",
        "mermaid": "^10.9.1",
        "mocha": "^10.2.0",
        "monaco-editor": "^0.47.0",
        "npm-run-all": "^4.1.5",
        "sass": "^1.69.5",
        "sharp": "^0.32.5",
        "starlight-links-validator": "^0.13.3",
        "stylus": "^0.56.0",
        "typescript": "^5.7.2",
        "unist-util-visit": "^5.0.0",
        "uuid": "^9.0.1",
        "yaml": "^2.3.4"
      },
      "engines": {
        "node": ">=18.0.0"
      }
    },
    "node_modules/chroma-js": {
      "resolved": "../../node_modules/.pnpm/chroma-js@3.1.2/node_modules/chroma-js",
      "link": true
    },
    "node_modules/style-dictionary": {
      "resolved": "../../node_modules/.pnpm/style-dictionary@4.3.2/node_modules/style-dictionary",
      "link": true
    }
  }
}
